# This file is @generated by PDM.
# It is not intended for manual editing.

[metadata]
groups = ["default", "test"]
strategy = ["inherit_metadata"]
lock_version = "4.5.0"
content_hash = "sha256:b9a21933500d24772e5908a21133f166963ed1127208cdf7d70cdac892f2f70b"

[[metadata.targets]]
requires_python = ">=3.12"

[[package]]
name = "ntoolkit-test"
version = "0.1.0"
requires_python = ">=3.12"
path = "./ntoolkit/test"
summary = "ntoolkit-test"
groups = ["test"]
